
Microsoft Visual Studio Solution File, Format Version 12.00
# Visual Studio Version 16
VisualStudioVersion = 16.0.30128.74
MinimumVisualStudioVersion = 10.0.40219.1
Project("{8BC9CEB8-8B4A-11D0-8D11-00A0C91BC942}") = "Project 2", "Project 2.vcxproj", "{EBEA8B95-B740-4977-A5A4-D29CC62E1FEB}"
EndProject
Global
	GlobalSection(SolutionConfigurationPlatforms) = preSolution
		Debug|x64 = Debug|x64
		Debug|x86 = Debug|x86
		Release|x64 = Release|x64
		Release|x86 = Release|x86
	EndGlobalSection
	GlobalSection(ProjectConfigurationPlatforms) = postSolution
		{EBEA8B95-B740-4977-A5A4-D29CC62E1FEB}.Debug|x64.ActiveCfg = Debug|x64
		{EBEA8B95-B740-4977-A5A4-D29CC62E1FEB}.Debug|x64.Build.0 = Debug|x64
		{EBEA8B95-B740-4977-A5A4-D29CC62E1FEB}.Debug|x86.ActiveCfg = Debug|Win32
		{EBEA8B95-B740-4977-A5A4-D29CC62E1FEB}.Debug|x86.Build.0 = Debug|Win32
		{EBEA8B95-B740-4977-A5A4-D29CC62E1FEB}.Release|x64.ActiveCfg = Release|x64
		{EBEA8B95-B740-4977-A5A4-D29CC62E1FEB}.Release|x64.Build.0 = Release|x64
		{EBEA8B95-B740-4977-A5A4-D29CC62E1FEB}.Release|x86.ActiveCfg = Release|Win32
		{EBEA8B95-B740-4977-A5A4-D29CC62E1FEB}.Release|x86.Build.0 = Release|Win32
	EndGlobalSection
	GlobalSection(SolutionProperties) = preSolution
		HideSolutionNode = FALSE
	EndGlobalSection
	GlobalSection(ExtensibilityGlobals) = postSolution
		SolutionGuid = {62813C50-1BAD-4626-9BF3-C49F1ED5169B}
	EndGlobalSection
EndGlobal
